github.com/klauspost/compress v1.10.6 h1:SP6zavvTG3YjOosWePXFDlExpKIWMTO4SE/Y8MZB2vI=
github.com/klauspost/compress v1.10.6/go.mod h1:aoV0uJVorq1K+umq18yTdKaF57EivdYsUV+/s2qKfXs=
github.com/maoxs2/go-aead-conn v0.0.0-20200530160719-96e005f04b42 h1:EJNX7ahWBQyvDv+kyedqPlNESKHLw2plB1tpGvosVDY=
github.com/maoxs2/go-aead-conn v0.0.0-20200530160719-96e005f04b42/go.mod h1:KH+r2oTg2NAf3GCPI/loZYO8p+X07vjezmwSrgEv3vE=
github.com/maoxs2/go-aead-conn v0.0.0-20200531025003-b672daa011ed h1:e1apdim60GRfQJ5VCkvWPeD63+2e4HsqUM8LQ205yGw=
github.com/maoxs2/go-aead-conn v0.0.0-20200531025003-b672daa011ed/go.mod h1:xlPYVEMwU4UYFWRsJMnitwwBvEd8kBvXWwwEpRtwb3I=
github.com/maoxs2/go-aead-iostream v0.0.0-20200530155830-0352040d4af5 h1:+zq7MB2n4oCCOj/beQpxyhsEmD97TdpGw28A2CzQDrE=
github.com/maoxs2/go-aead-iostream v0.0.0-20200530155830-0352040d4af5/go.mod h1:3G9/se/VKc9spV3x4vmKEAbxz5sI1aHwaihLlqibiiM=
github.com/maoxs2/go-aead-iostream v0.0.0-20200531024629-ac4440c577a6 h1:OIGVXCaHfiZExLoYGZG16uzJGYoucUbryhN6Cv8DPqM=
github.com/maoxs2/go-aead-iostream v0.0.0-20200531024629-ac4440c577a6/go.mod h1:3G9/se/VKc9spV3x4vmKEAbxz5sI1aHwaihLlqibiiM=
github.com/maoxs2/go-socks5 v0.0.0-20200524153943-ca97b146713d h1:LFkeXHYx4oVOxeRiFchaBt5yz6+SMxf2Sp5MF2yV9dg=
github.com/maoxs2/go-socks5 v0.0.0-20200524153943-ca97b146713d/go.mod h1:kzgJagMWej36L5dAU72YXka+YElpu2qNVoJvZR0UZXM=
golang.org/x/crypto v0.0.0-20190308221718-c2843e01d9a2/go.mod h1:djNgcEr1/C05ACkg1iLfiJU5Ep61QUkGW8qpdssI0+w=
golang.org/x/crypto v0.0.0-20200510223506-06a226fb4e37 h1:cg5LA/zNPRzIXIWSCxQW10Rvpy94aQh3LT/ShoCpkHw=
golang.org/x/crypto v0.0.0-20200510223506-06a226fb4e37/go.mod h1:LzIPMQfyMNhhGPhUkYOs5KpL4U8rLKemX1yGLhDgUto=
golang.org/x/net v0.0.0-20190404232315-eb5bcb51f2a3/go.mod h1:t9HGtf8HONx5eT2rtn7q6eTqICYqUVnKs3thJo3Qplg=
golang.org/x/sys v0.0.0-20190215142949-d0b11bdaac8a/go.mod h1:STP8DvDyc/dI5b8T5hshtkjS+E42TnysNCUPdjciGhY=
golang.org/x/sys v0.0.0-20190412213103-97732733099d h1:+R4KGOnez64A81RvjARKc4UT5/tI9ujCIVX+P5KiHuI=
golang.org/x/sys v0.0.0-20190412213103-97732733099d/go.mod h1:h1NjWce9XRLGQEsW7wpKNCjG9DtNlClVuFLEZdDNbEs=
golang.org/x/sys v0.0.0-20200523222454-059865788121 h1:rITEj+UZHYC927n8GT97eC3zrpzXdb/voyeOuVKS46o=
golang.org/x/sys v0.0.0-20200523222454-059865788121/go.mod h1:h1NjWce9XRLGQEsW7wpKNCjG9DtNlClVuFLEZdDNbEs=
golang.org/x/text v0.3.0/go.mod h1:NqM8EUOU14njkJ3fqMW+pc6Ldnwhi/IjpwHt7yyuwOQ=
